
Microsoft Visual Studio Solution File, Format Version 11.00
# Visual Studio 2010
Project("{FAE04EC0-301F-11D3-BF4B-00C04F79EFBC}") = "Assembly-CSharp", "Assembly-CSharp.csproj", "{914cbc2d-81b1-ac9f-4d59-17368702fbaf}"
EndProject
Project("{FAE04EC0-301F-11D3-BF4B-00C04F79EFBC}") = "Assembly-CSharp-Editor", "Assembly-CSharp-Editor.csproj", "{415b3d8a-b4d1-1b50-7bcf-ce6ca5ec188e}"
EndProject
Global
	GlobalSection(SolutionConfigurationPlatforms) = preSolution
		Debug|Any CPU = Debug|Any CPU
		Release|Any CPU = Release|Any CPU
	EndGlobalSection
	GlobalSection(ProjectConfigurationPlatforms) = postSolution
		{914cbc2d-81b1-ac9f-4d59-17368702fbaf}.Debug|Any CPU.ActiveCfg = Debug|Any CPU
		{914cbc2d-81b1-ac9f-4d59-17368702fbaf}.Debug|Any CPU.Build.0 = Debug|Any CPU
		{914cbc2d-81b1-ac9f-4d59-17368702fbaf}.Release|Any CPU.ActiveCfg = Release|Any CPU
		{914cbc2d-81b1-ac9f-4d59-17368702fbaf}.Release|Any CPU.Build.0 = Release|Any CPU
		{415b3d8a-b4d1-1b50-7bcf-ce6ca5ec188e}.Debug|Any CPU.ActiveCfg = Debug|Any CPU
		{415b3d8a-b4d1-1b50-7bcf-ce6ca5ec188e}.Debug|Any CPU.Build.0 = Debug|Any CPU
		{415b3d8a-b4d1-1b50-7bcf-ce6ca5ec188e}.Release|Any CPU.ActiveCfg = Release|Any CPU
		{415b3d8a-b4d1-1b50-7bcf-ce6ca5ec188e}.Release|Any CPU.Build.0 = Release|Any CPU
	EndGlobalSection
	GlobalSection(SolutionProperties) = preSolution
		HideSolutionNode = FALSE
	EndGlobalSection
EndGlobal
